// !$*UTF8*$!
{
	archiveVersion = 1;
	classes = {
	};
	objectVersion = 56;
	objects = {

/* Begin PBXBuildFile section */
		7E4038562A13415F00CB6CD0 /* AppDelegate.swift in Sources */ = {isa = PBXBuildFile; fileRef = 7E4038552A13415F00CB6CD0 /* AppDelegate.swift */; };
		7E4038582A13415F00CB6CD0 /* SceneDelegate.swift in Sources */ = {isa = PBXBuildFile; fileRef = 7E4038572A13415F00CB6CD0 /* SceneDelegate.swift */; };
		7E40385D2A13415F00CB6CD0 /* Main.storyboard in Resources */ = {isa = PBXBuildFile; fileRef = 7E40385B2A13415F00CB6CD0 /* Main.storyboard */; };
		7E40385F2A13416100CB6CD0 /* Assets.xcassets in Resources */ = {isa = PBXBuildFile; fileRef = 7E40385E2A13416100CB6CD0 /* Assets.xcassets */; };
		7E4038622A13416100CB6CD0 /* LaunchScreen.storyboard in Resources */ = {isa = PBXBuildFile; fileRef = 7E4038602A13416100CB6CD0 /* LaunchScreen.storyboard */; };
		7E40386A2A13466A00CB6CD0 /* GoogleService-Info.plist in Resources */ = {isa = PBXBuildFile; fileRef = 7E4038692A13466A00CB6CD0 /* GoogleService-Info.plist */; };
		7E8C6F5C2A15D8CB001D0194 /* LoginViewController.swift in Sources */ = {isa = PBXBuildFile; fileRef = 7E8C6F5B2A15D8CB001D0194 /* LoginViewController.swift */; };
		7E8C6F602A15DBF3001D0194 /* SlideCollectionViewCell.swift in Sources */ = {isa = PBXBuildFile; fileRef = 7E8C6F5E2A15DBF3001D0194 /* SlideCollectionViewCell.swift */; };
		7E8C6F612A15DBF3001D0194 /* SlideCollectionViewCell.xib in Resources */ = {isa = PBXBuildFile; fileRef = 7E8C6F5F2A15DBF3001D0194 /* SlideCollectionViewCell.xib */; };
		7E8C6F642A15E8C2001D0194 /* Model.swift in Sources */ = {isa = PBXBuildFile; fileRef = 7E8C6F632A15E8C2001D0194 /* Model.swift */; };
		F1EF20CDBE95E7FBA498949A /* Pods_testMessager.framework in Frameworks */ = {isa = PBXBuildFile; fileRef = C679571A7735E65562AB095F /* Pods_testMessager.framework */; };
/* End PBXBuildFile section */

/* Begin PBXFileReference section */
		526FEE5E97050F21E1A73064 /* Pods-testMessager.release.xcconfig */ = {isa = PBXFileReference; includeInIndex = 1; lastKnownFileType = text.xcconfig; name = "Pods-testMessager.release.xcconfig"; path = "Target Support Files/Pods-testMessager/Pods-testMessager.release.xcconfig"; sourceTree = "<group>"; };
		7E4038522A13415F00CB6CD0 /* testMessager.app */ = {isa = PBXFileReference; explicitFileType = wrapper.application; includeInIndex = 0; path = testMessager.app; sourceTree = BUILT_PRODUCTS_DIR; };
		7E4038552A13415F00CB6CD0 /* AppDelegate.swift */ = {isa = PBXFileReference; lastKnownFileType = sourcecode.swift; path = AppDelegate.swift; sourceTree = "<group>"; };
		7E4038572A13415F00CB6CD0 /* SceneDelegate.swift */ = {isa = PBXFileReference; lastKnownFileType = sourcecode.swift; path = SceneDelegate.swift; sourceTree = "<group>"; };
		7E40385C2A13415F00CB6CD0 /* Base */ = {isa = PBXFileReference; lastKnownFileType = file.storyboard; name = Base; path = Base.lproj/Main.storyboard; sourceTree = "<group>"; };
		7E40385E2A13416100CB6CD0 /* Assets.xcassets */ = {isa = PBXFileReference; lastKnownFileType = folder.assetcatalog; path = Assets.xcassets; sourceTree = "<group>"; };
		7E4038612A13416100CB6CD0 /* Base */ = {isa = PBXFileReference; lastKnownFileType = file.storyboard; name = Base; path = Base.lproj/LaunchScreen.storyboard; sourceTree = "<group>"; };
		7E4038632A13416100CB6CD0 /* Info.plist */ = {isa = PBXFileReference; lastKnownFileType = text.plist.xml; path = Info.plist; sourceTree = "<group>"; };
		7E4038692A13466A00CB6CD0 /* GoogleService-Info.plist */ = {isa = PBXFileReference; fileEncoding = 4; lastKnownFileType = text.plist.xml; path = "GoogleService-Info.plist"; sourceTree = "<group>"; };
		7E8C6F5B2A15D8CB001D0194 /* LoginViewController.swift */ = {isa = PBXFileReference; lastKnownFileType = sourcecode.swift; path = LoginViewController.swift; sourceTree = "<group>"; };
		7E8C6F5E2A15DBF3001D0194 /* SlideCollectionViewCell.swift */ = {isa = PBXFileReference; lastKnownFileType = sourcecode.swift; path = SlideCollectionViewCell.swift; sourceTree = "<group>"; };
		7E8C6F5F2A15DBF3001D0194 /* SlideCollectionViewCell.xib */ = {isa = PBXFileReference; lastKnownFileType = file.xib; path = SlideCollectionViewCell.xib; sourceTree = "<group>"; };
		7E8C6F632A15E8C2001D0194 /* Model.swift */ = {isa = PBXFileReference; lastKnownFileType = sourcecode.swift; path = Model.swift; sourceTree = "<group>"; };
		806C6BE4724599948FCB72B4 /* Pods-testMessager.debug.xcconfig */ = {isa = PBXFileReference; includeInIndex = 1; lastKnownFileType = text.xcconfig; name = "Pods-testMessager.debug.xcconfig"; path = "Target Support Files/Pods-testMessager/Pods-testMessager.debug.xcconfig"; sourceTree = "<group>"; };
		C679571A7735E65562AB095F /* Pods_testMessager.framework */ = {isa = PBXFileReference; explicitFileType = wrapper.framework; includeInIndex = 0; path = Pods_testMessager.framework; sourceTree = BUILT_PRODUCTS_DIR; };
/* End PBXFileReference section */

/* Begin PBXFrameworksBuildPhase section */
		7E40384F2A13415F00CB6CD0 /* Frameworks */ = {
			isa = PBXFrameworksBuildPhase;
			buildActionMask = 2147483647;
			files = (
				F1EF20CDBE95E7FBA498949A /* Pods_testMessager.framework in Frameworks */,
			);
			runOnlyForDeploymentPostprocessing = 0;
		};
/* End PBXFrameworksBuildPhase section */

/* Begin PBXGroup section */
		336C7A582A844A7197F8D2ED /* Pods */ = {
			isa = PBXGroup;
			children = (
				806C6BE4724599948FCB72B4 /* Pods-testMessager.debug.xcconfig */,
				526FEE5E97050F21E1A73064 /* Pods-testMessager.release.xcconfig */,
			);
			path = Pods;
			sourceTree = "<group>";
		};
		744B67A61BDADF39F621D697 /* Frameworks */ = {
			isa = PBXGroup;
			children = (
				C679571A7735E65562AB095F /* Pods_testMessager.framework */,
			);
			name = Frameworks;
			sourceTree = "<group>";
		};
		7E4038492A13415F00CB6CD0 = {
			isa = PBXGroup;
			children = (
				7E4038542A13415F00CB6CD0 /* testMessager */,
				7E4038532A13415F00CB6CD0 /* Products */,
				336C7A582A844A7197F8D2ED /* Pods */,
				744B67A61BDADF39F621D697 /* Frameworks */,
			);
			sourceTree = "<group>";
		};
		7E4038532A13415F00CB6CD0 /* Products */ = {
			isa = PBXGroup;
			children = (
				7E4038522A13415F00CB6CD0 /* testMessager.app */,
			);
			name = Products;
			sourceTree = "<group>";
		};
		7E4038542A13415F00CB6CD0 /* testMessager */ = {
			isa = PBXGroup;
			children = (
				7E8C6F582A15D7A8001D0194 /* Model */,
				7E8C6F592A15D7AF001D0194 /* View */,
				7E8C6F5A2A15D7B9001D0194 /* Controller */,
				7E4038552A13415F00CB6CD0 /* AppDelegate.swift */,
				7E4038572A13415F00CB6CD0 /* SceneDelegate.swift */,
				7E40385B2A13415F00CB6CD0 /* Main.storyboard */,
				7E40385E2A13416100CB6CD0 /* Assets.xcassets */,
				7E4038602A13416100CB6CD0 /* LaunchScreen.storyboard */,
				7E4038632A13416100CB6CD0 /* Info.plist */,
				7E4038692A13466A00CB6CD0 /* GoogleService-Info.plist */,
			);
			path = testMessager;
			sourceTree = "<group>";
		};
		7E8C6F582A15D7A8001D0194 /* Model */ = {
			isa = PBXGroup;
			children = (
				7E8C6F632A15E8C2001D0194 /* Model.swift */,
			);
			path = Model;
			sourceTree = "<group>";
		};
		7E8C6F592A15D7AF001D0194 /* View */ = {
			isa = PBXGroup;
			children = (
				7E8C6F5D2A15DBBD001D0194 /* Slide */,
			);
			path = View;
			sourceTree = "<group>";
		};
		7E8C6F5A2A15D7B9001D0194 /* Controller */ = {
			isa = PBXGroup;
			children = (
				7E8C6F622A15E472001D0194 /* Login */,
			);
			path = Controller;
			sourceTree = "<group>";
		};
		7E8C6F5D2A15DBBD001D0194 /* Slide */ = {
			isa = PBXGroup;
			children = (
				7E8C6F5E2A15DBF3001D0194 /* SlideCollectionViewCell.swift */,
				7E8C6F5F2A15DBF3001D0194 /* SlideCollectionViewCell.xib */,
			);
			path = Slide;
			sourceTree = "<group>";
		};
		7E8C6F622A15E472001D0194 /* Login */ = {
			isa = PBXGroup;
			children = (
				7E8C6F5B2A15D8CB001D0194 /* LoginViewController.swift */,
			);
			path = Login;
			sourceTree = "<group>";
		};
/* End PBXGroup section */

/* Begin PBXNativeTarget section */
		7E4038512A13415F00CB6CD0 /* testMessager */ = {
			isa = PBXNativeTarget;
			buildConfigurationList = 7E4038662A13416100CB6CD0 /* Build configuration list for PBXNativeTarget "testMessager" */;
			buildPhases = (
				47EE37AA7BA7B870623D1319 /* [CP] Check Pods Manifest.lock */,
				7E40384E2A13415F00CB6CD0 /* Sources */,
				7E40384F2A13415F00CB6CD0 /* Frameworks */,
				7E4038502A13415F00CB6CD0 /* Resources */,
				650161E6AC221DE13F92274A /* [CP] Embed Pods Frameworks */,
			);
			buildRules = (
			);
			dependencies = (
			);
			name = testMessager;
			productName = testMessager;
			productReference = 7E4038522A13415F00CB6CD0 /* testMessager.app */;
			productType = "com.apple.product-type.application";
		};
/* End PBXNativeTarget section */

/* Begin PBXProject section */
		7E40384A2A13415F00CB6CD0 /* Project object */ = {
			isa = PBXProject;
			attributes = {
				BuildIndependentTargetsInParallel = 1;
				LastSwiftUpdateCheck = 1420;
				LastUpgradeCheck = 1420;
				TargetAttributes = {
					7E4038512A13415F00CB6CD0 = {
						CreatedOnToolsVersion = 14.2;
					};
				};
			};
			buildConfigurationList = 7E40384D2A13415F00CB6CD0 /* Build configuration list for PBXProject "testMessager" */;
			compatibilityVersion = "Xcode 14.0";
			developmentRegion = en;
			hasScannedForEncodings = 0;
			knownRegions = (
				en,
				Base,
			);
			mainGroup = 7E4038492A13415F00CB6CD0;
			productRefGroup = 7E4038532A13415F00CB6CD0 /* Products */;
			projectDirPath = "";
			projectRoot = "";
			targets = (
				7E4038512A13415F00CB6CD0 /* testMessager */,
			);
		};
/* End PBXProject section */

/* Begin PBXResourcesBuildPhase section */
		7E4038502A13415F00CB6CD0 /* Resources */ = {
			isa = PBXResourcesBuildPhase;
			buildActionMask = 2147483647;
			files = (
				7E4038622A13416100CB6CD0 /* LaunchScreen.storyboard in Resources */,
				7E8C6F612A15DBF3001D0194 /* SlideCollectionViewCell.xib in Resources */,
				7E40386A2A13466A00CB6CD0 /* GoogleService-Info.plist in Resources */,
				7E40385F2A13416100CB6CD0 /* Assets.xcassets in Resources */,
				7E40385D2A13415F00CB6CD0 /* Main.storyboard in Resources */,
			);
			runOnlyForDeploymentPostprocessing = 0;
		};
/* End PBXResourcesBuildPhase section */

/* Begin PBXShellScriptBuildPhase section */
		47EE37AA7BA7B870623D1319 /* [CP] Check Pods Manifest.lock */ = {
			isa = PBXShellScriptBuildPhase;
			buildActionMask = 2147483647;
			files = (
			);
			inputFileListPaths = (
			);
			inputPaths = (
				"${PODS_PODFILE_DIR_PATH}/Podfile.lock",
				"${PODS_ROOT}/Manifest.lock",
			);
			name = "[CP] Check Pods Manifest.lock";
			outputFileListPaths = (
			);
			outputPaths = (
				"$(DERIVED_FILE_DIR)/Pods-testMessager-checkManifestLockResult.txt",
			);
			runOnlyForDeploymentPostprocessing = 0;
			shellPath = /bin/sh;
			shellScript = "diff \"${PODS_PODFILE_DIR_PATH}/Podfile.lock\" \"${PODS_ROOT}/Manifest.lock\" > /dev/null\nif [ $? != 0 ] ; then\n    # print error to STDERR\n    echo \"error: The sandbox is not in sync with the Podfile.lock. Run 'pod install' or update your CocoaPods installation.\" >&2\n    exit 1\nfi\n# This output is used by Xcode 'outputs' to avoid re-running this script phase.\necho \"SUCCESS\" > \"${SCRIPT_OUTPUT_FILE_0}\"\n";
			showEnvVarsInLog = 0;
		};
		650161E6AC221DE13F92274A /* [CP] Embed Pods Frameworks */ = {
			isa = PBXShellScriptBuildPhase;
			buildActionMask = 2147483647;
			files = (
			);
			inputFileListPaths = (
				"${PODS_ROOT}/Target Support Files/Pods-testMessager/Pods-testMessager-frameworks-${CONFIGURATION}-input-files.xcfilelist",
			);
			name = "[CP] Embed Pods Frameworks";
			outputFileListPaths = (
				"${PODS_ROOT}/Target Support Files/Pods-testMessager/Pods-testMessager-frameworks-${CONFIGURATION}-output-files.xcfilelist",
			);
			runOnlyForDeploymentPostprocessing = 0;
			shellPath = /bin/sh;
			shellScript = "\"${PODS_ROOT}/Target Support Files/Pods-testMessager/Pods-testMessager-frameworks.sh\"\n";
			showEnvVarsInLog = 0;
		};
/* End PBXShellScriptBuildPhase section */

/* Begin PBXSourcesBuildPhase section */
		7E40384E2A13415F00CB6CD0 /* Sources */ = {
			isa = PBXSourcesBuildPhase;
			buildActionMask = 2147483647;
			files = (
				7E8C6F642A15E8C2001D0194 /* Model.swift in Sources */,
				7E8C6F602A15DBF3001D0194 /* SlideCollectionViewCell.swift in Sources */,
				7E8C6F5C2A15D8CB001D0194 /* LoginViewController.swift in Sources */,
				7E4038562A13415F00CB6CD0 /* AppDelegate.swift in Sources */,
				7E4038582A13415F00CB6CD0 /* SceneDelegate.swift in Sources */,
			);
			runOnlyForDeploymentPostprocessing = 0;
		};
/* End PBXSourcesBuildPhase section */

/* Begin PBXVariantGroup section */
		7E40385B2A13415F00CB6CD0 /* Main.storyboard */ = {
			isa = PBXVariantGroup;
			children = (
				7E40385C2A13415F00CB6CD0 /* Base */,
			);
			name = Main.storyboard;
			sourceTree = "<group>";
		};
		7E4038602A13416100CB6CD0 /* LaunchScreen.storyboard */ = {
			isa = PBXVariantGroup;
			children = (
				7E4038612A13416100CB6CD0 /* Base */,
			);
			name = LaunchScreen.storyboard;
			sourceTree = "<group>";
		};
/* End PBXVariantGroup section */

/* Begin XCBuildConfiguration section */
		7E4038642A13416100CB6CD0 /* Debug */ = {
			isa = XCBuildConfiguration;
			buildSettings = {
				ALWAYS_SEARCH_USER_PATHS = NO;
				CLANG_ANALYZER_NONNULL = YES;
				CLANG_ANALYZER_NUMBER_OBJECT_CONVERSION = YES_AGGRESSIVE;
				CLANG_CXX_LANGUAGE_STANDARD = "gnu++20";
				CLANG_ENABLE_MODULES = YES;
				CLANG_ENABLE_OBJC_ARC = YES;
				CLANG_ENABLE_OBJC_WEAK = YES;
				CLANG_WARN_BLOCK_CAPTURE_AUTORELEASING = YES;
				CLANG_WARN_BOOL_CONVERSION = YES;
				CLANG_WARN_COMMA = YES;
				CLANG_WARN_CONSTANT_CONVERSION = YES;
				CLANG_WARN_DEPRECATED_OBJC_IMPLEMENTATIONS = YES;
				CLANG_WARN_DIRECT_OBJC_ISA_USAGE = YES_ERROR;
				CLANG_WARN_DOCUMENTATION_COMMENTS = YES;
				CLANG_WARN_EMPTY_BODY = YES;
				CLANG_WARN_ENUM_CONVERSION = YES;
				CLANG_WARN_INFINITE_RECURSION = YES;
				CLANG_WARN_INT_CONVERSION = YES;
				CLANG_WARN_NON_LITERAL_NULL_CONVERSION = YES;
				CLANG_WARN_OBJC_IMPLICIT_RETAIN_SELF = YES;
				CLANG_WARN_OBJC_LITERAL_CONVERSION = YES;
				CLANG_WARN_OBJC_ROOT_CLASS = YES_ERROR;
				CLANG_WARN_QUOTED_INCLUDE_IN_FRAMEWORK_HEADER = YES;
				CLANG_WARN_RANGE_LOOP_ANALYSIS = YES;
				CLANG_WARN_STRICT_PROTOTYPES = YES;
				CLANG_WARN_SUSPICIOUS_MOVE = YES;
				CLANG_WARN_UNGUARDED_AVAILABILITY = YES_AGGRESSIVE;
				CLANG_WARN_UNREACHABLE_CODE = YES;
				CLANG_WARN__DUPLICATE_METHOD_MATCH = YES;
				COPY_PHASE_STRIP = NO;
				DEBUG_INFORMATION_FORMAT = dwarf;
				ENABLE_STRICT_OBJC_MSGSEND = YES;
				ENABLE_TESTABILITY = YES;
				GCC_C_LANGUAGE_STANDARD = gnu11;
				GCC_DYNAMIC_NO_PIC = NO;
				GCC_NO_COMMON_BLOCKS = YES;
				GCC_OPTIMIZATION_LEVEL = 0;
				GCC_PREPROCESSOR_DEFINITIONS = (
					"DEBUG=1",
					"$(inherited)",
				);
				GCC_WARN_64_TO_32_BIT_CONVERSION = YES;
				GCC_WARN_ABOUT_RETURN_TYPE = YES_ERROR;
				GCC_WARN_UNDECLARED_SELECTOR = YES;
				GCC_WARN_UNINITIALIZED_AUTOS = YES_AGGRESSIVE;
				GCC_WARN_UNUSED_FUNCTION = YES;
				GCC_WARN_UNUSED_VARIABLE = YES;
				IPHONEOS_DEPLOYMENT_TARGET = 16.2;
				MTL_ENABLE_DEBUG_INFO = INCLUDE_SOURCE;
				MTL_FAST_MATH = YES;
				ONLY_ACTIVE_ARCH = YES;
				SDKROOT = iphoneos;
				SWIFT_ACTIVE_COMPILATION_CONDITIONS = DEBUG;
				SWIFT_OPTIMIZATION_LEVEL = "-Onone";
			};
			name = Debug;
		};
		7E4038652A13416100CB6CD0 /* Release */ = {
			isa = XCBuildConfiguration;
			buildSettings = {
				ALWAYS_SEARCH_USER_PATHS = NO;
				CLANG_ANALYZER_NONNULL = YES;
				CLANG_ANALYZER_NUMBER_OBJECT_CONVERSION = YES_AGGRESSIVE;
				CLANG_CXX_LANGUAGE_STANDARD = "gnu++20";
				CLANG_ENABLE_MODULES = YES;
				CLANG_ENABLE_OBJC_ARC = YES;
				CLANG_ENABLE_OBJC_WEAK = YES;
				CLANG_WARN_BLOCK_CAPTURE_AUTORELEASING = YES;
				CLANG_WARN_BOOL_CONVERSION = YES;
				CLANG_WARN_COMMA = YES;
				CLANG_WARN_CONSTANT_CONVERSION = YES;
				CLANG_WARN_DEPRECATED_OBJC_IMPLEMENTATIONS = YES;
				CLANG_WARN_DIRECT_OBJC_ISA_USAGE = YES_ERROR;
				CLANG_WARN_DOCUMENTATION_COMMENTS = YES;
				CLANG_WARN_EMPTY_BODY = YES;
				CLANG_WARN_ENUM_CONVERSION = YES;
				CLANG_WARN_INFINITE_RECURSION = YES;
				CLANG_WARN_INT_CONVERSION = YES;
				CLANG_WARN_NON_LITERAL_NULL_CONVERSION = YES;
				CLANG_WARN_OBJC_IMPLICIT_RETAIN_SELF = YES;
				CLANG_WARN_OBJC_LITERAL_CONVERSION = YES;
				CLANG_WARN_OBJC_ROOT_CLASS = YES_ERROR;
				CLANG_WARN_QUOTED_INCLUDE_IN_FRAMEWORK_HEADER = YES;
				CLANG_WARN_RANGE_LOOP_ANALYSIS = YES;
				CLANG_WARN_STRICT_PROTOTYPES = YES;
				CLANG_WARN_SUSPICIOUS_MOVE = YES;
				CLANG_WARN_UNGUARDED_AVAILABILITY = YES_AGGRESSIVE;
				CLANG_WARN_UNREACHABLE_CODE = YES;
				CLANG_WARN__DUPLICATE_METHOD_MATCH = YES;
				COPY_PHASE_STRIP = NO;
				DEBUG_INFORMATION_FORMAT = "dwarf-with-dsym";
				ENABLE_NS_ASSERTIONS = NO;
				ENABLE_STRICT_OBJC_MSGSEND = YES;
				GCC_C_LANGUAGE_STANDARD = gnu11;
				GCC_NO_COMMON_BLOCKS = YES;
				GCC_WARN_64_TO_32_BIT_CONVERSION = YES;
				GCC_WARN_ABOUT_RETURN_TYPE = YES_ERROR;
				GCC_WARN_UNDECLARED_SELECTOR = YES;
				GCC_WARN_UNINITIALIZED_AUTOS = YES_AGGRESSIVE;
				GCC_WARN_UNUSED_FUNCTION = YES;
				GCC_WARN_UNUSED_VARIABLE = YES;
				IPHONEOS_DEPLOYMENT_TARGET = 16.2;
				MTL_ENABLE_DEBUG_INFO = NO;
				MTL_FAST_MATH = YES;
				SDKROOT = iphoneos;
				SWIFT_COMPILATION_MODE = wholemodule;
				SWIFT_OPTIMIZATION_LEVEL = "-O";
				VALIDATE_PRODUCT = YES;
			};
			name = Release;
		};
		7E4038672A13416100CB6CD0 /* Debug */ = {
			isa = XCBuildConfiguration;
			baseConfigurationReference = 806C6BE4724599948FCB72B4 /* Pods-testMessager.debug.xcconfig */;
			buildSettings = {
				ASSETCATALOG_COMPILER_APPICON_NAME = AppIcon;
				ASSETCATALOG_COMPILER_GLOBAL_ACCENT_COLOR_NAME = AccentColor;
				CODE_SIGN_STYLE = Automatic;
				CURRENT_PROJECT_VERSION = 1;
				GENERATE_INFOPLIST_FILE = YES;
				INFOPLIST_FILE = testMessager/Info.plist;
				INFOPLIST_KEY_UIApplicationSupportsIndirectInputEvents = YES;
				INFOPLIST_KEY_UILaunchStoryboardName = LaunchScreen;
				INFOPLIST_KEY_UIMainStoryboardFile = Main;
				INFOPLIST_KEY_UISupportedInterfaceOrientations_iPad = "UIInterfaceOrientationPortrait UIInterfaceOrientationPortraitUpsideDown UIInterfaceOrientationLandscapeLeft UIInterfaceOrientationLandscapeRight";
				INFOPLIST_KEY_UISupportedInterfaceOrientations_iPhone = "UIInterfaceOrientationPortrait UIInterfaceOrientationLandscapeLeft UIInterfaceOrientationLandscapeRight";
				IPHONEOS_DEPLOYMENT_TARGET = 13.0;
				LD_RUNPATH_SEARCH_PATHS = (
					"$(inherited)",
					"@executable_path/Frameworks",
				);
				MARKETING_VERSION = 1.0;
				PRODUCT_BUNDLE_IDENTIFIER = com.chuday.testMessager;
				PRODUCT_NAME = "$(TARGET_NAME)";
				SWIFT_EMIT_LOC_STRINGS = YES;
				SWIFT_VERSION = 5.0;
				TARGETED_DEVICE_FAMILY = "1,2";
			};
			name = Debug;
		};
		7E4038682A13416100CB6CD0 /* Release */ = {
			isa = XCBuildConfiguration;
			baseConfigurationReference = 526FEE5E97050F21E1A73064 /* Pods-testMessager.release.xcconfig */;
			buildSettings = {
				ASSETCATALOG_COMPILER_APPICON_NAME = AppIcon;
				ASSETCATALOG_COMPILER_GLOBAL_ACCENT_COLOR_NAME = AccentColor;
				CODE_SIGN_STYLE = Automatic;
				CURRENT_PROJECT_VERSION = 1;
				GENERATE_INFOPLIST_FILE = YES;
				INFOPLIST_FILE = testMessager/Info.plist;
				INFOPLIST_KEY_UIApplicationSupportsIndirectInputEvents = YES;
				INFOPLIST_KEY_UILaunchStoryboardName = LaunchScreen;
				INFOPLIST_KEY_UIMainStoryboardFile = Main;
				INFOPLIST_KEY_UISupportedInterfaceOrientations_iPad = "UIInterfaceOrientationPortrait UIInterfaceOrientationPortraitUpsideDown UIInterfaceOrientationLandscapeLeft UIInterfaceOrientationLandscapeRight";
				INFOPLIST_KEY_UISupportedInterfaceOrientations_iPhone = "UIInterfaceOrientationPortrait UIInterfaceOrientationLandscapeLeft UIInterfaceOrientationLandscapeRight";
				IPHONEOS_DEPLOYMENT_TARGET = 13.0;
				LD_RUNPATH_SEARCH_PATHS = (
					"$(inherited)",
					"@executable_path/Frameworks",
				);
				MARKETING_VERSION = 1.0;
				PRODUCT_BUNDLE_IDENTIFIER = com.chuday.testMessager;
				PRODUCT_NAME = "$(TARGET_NAME)";
				SWIFT_EMIT_LOC_STRINGS = YES;
				SWIFT_VERSION = 5.0;
				TARGETED_DEVICE_FAMILY = "1,2";
			};
			name = Release;
		};
/* End XCBuildConfiguration section */

/* Begin XCConfigurationList section */
		7E40384D2A13415F00CB6CD0 /* Build configuration list for PBXProject "testMessager" */ = {
			isa = XCConfigurationList;
			buildConfigurations = (
				7E4038642A13416100CB6CD0 /* Debug */,
				7E4038652A13416100CB6CD0 /* Release */,
			);
			defaultConfigurationIsVisible = 0;
			defaultConfigurationName = Release;
		};
		7E4038662A13416100CB6CD0 /* Build configuration list for PBXNativeTarget "testMessager" */ = {
			isa = XCConfigurationList;
			buildConfigurations = (
				7E4038672A13416100CB6CD0 /* Debug */,
				7E4038682A13416100CB6CD0 /* Release */,
			);
			defaultConfigurationIsVisible = 0;
			defaultConfigurationName = Release;
		};
/* End XCConfigurationList section */
	};
	rootObject = 7E40384A2A13415F00CB6CD0 /* Project object */;
}
